// !$*UTF8*$!
{
	archiveVersion = 1;
	classes = {
	};
	objectVersion = 56;
	objects = {

/* Begin PBXBuildFile section */
		CA53D3902BD44035004CBF48 /* Assets.xcassets in Resources */ = {isa = PBXBuildFile; fileRef = CA53D38F2BD44035004CBF48 /* Assets.xcassets */; };
		CA53D3942BD44035004CBF48 /* Preview Assets.xcassets in Resources */ = {isa = PBXBuildFile; fileRef = CA53D3932BD44035004CBF48 /* Preview Assets.xcassets */; };
		CA53D39E2BD44036004CBF48 /* Rick_MortyTests.swift in Sources */ = {isa = PBXBuildFile; fileRef = CA53D39D2BD44036004CBF48 /* Rick_MortyTests.swift */; };
		CA53D3A82BD44036004CBF48 /* Rick_MortyUITests.swift in Sources */ = {isa = PBXBuildFile; fileRef = CA53D3A72BD44036004CBF48 /* Rick_MortyUITests.swift */; };
		CA53D3AA2BD44036004CBF48 /* Rick_MortyUITestsLaunchTests.swift in Sources */ = {isa = PBXBuildFile; fileRef = CA53D3A92BD44036004CBF48 /* Rick_MortyUITestsLaunchTests.swift */; };
		CA53D40A2BD44188004CBF48 /* AppDelegate.swift in Sources */ = {isa = PBXBuildFile; fileRef = CA53D3ED2BD44188004CBF48 /* AppDelegate.swift */; };
		CA53D40C2BD44188004CBF48 /* Constants.swift in Sources */ = {isa = PBXBuildFile; fileRef = CA53D3F02BD44188004CBF48 /* Constants.swift */; };
		CA53D40D2BD44188004CBF48 /* Encodable+Utils.swift in Sources */ = {isa = PBXBuildFile; fileRef = CA53D3F22BD44188004CBF48 /* Encodable+Utils.swift */; };
		CA53D40E2BD44188004CBF48 /* View+Utils.swift in Sources */ = {isa = PBXBuildFile; fileRef = CA53D3F32BD44188004CBF48 /* View+Utils.swift */; };
		CA53D40F2BD44188004CBF48 /* String+Utils.swift in Sources */ = {isa = PBXBuildFile; fileRef = CA53D3F42BD44188004CBF48 /* String+Utils.swift */; };
		CA53D4102BD44188004CBF48 /* HorizontalAlignment+Utils.swift in Sources */ = {isa = PBXBuildFile; fileRef = CA53D3F52BD44188004CBF48 /* HorizontalAlignment+Utils.swift */; };
		CA53D4112BD44188004CBF48 /* ActivityIndicator.swift in Sources */ = {isa = PBXBuildFile; fileRef = CA53D3F72BD44188004CBF48 /* ActivityIndicator.swift */; };
		CA53D4122BD44188004CBF48 /* HeaderSearchView.swift in Sources */ = {isa = PBXBuildFile; fileRef = CA53D3F82BD44188004CBF48 /* HeaderSearchView.swift */; };
		CA53D4132BD44188004CBF48 /* TextFieldClearButton.swift in Sources */ = {isa = PBXBuildFile; fileRef = CA53D3F92BD44188004CBF48 /* TextFieldClearButton.swift */; };
		CA53D4142BD44188004CBF48 /* GridCellProtocol.swift in Sources */ = {isa = PBXBuildFile; fileRef = CA53D3FB2BD44188004CBF48 /* GridCellProtocol.swift */; };
		CA53D4152BD44188004CBF48 /* GridView.swift in Sources */ = {isa = PBXBuildFile; fileRef = CA53D3FC2BD44188004CBF48 /* GridView.swift */; };
		CA53D4162BD44188004CBF48 /* GridCellView.swift in Sources */ = {isa = PBXBuildFile; fileRef = CA53D3FD2BD44188004CBF48 /* GridCellView.swift */; };
		CA53D4172BD44188004CBF48 /* Networker.swift in Sources */ = {isa = PBXBuildFile; fileRef = CA53D4002BD44188004CBF48 /* Networker.swift */; };
		CA53D4182BD44188004CBF48 /* Request.swift in Sources */ = {isa = PBXBuildFile; fileRef = CA53D4012BD44188004CBF48 /* Request.swift */; };
		CA53D4192BD44188004CBF48 /* LazyHostingViewController.swift in Sources */ = {isa = PBXBuildFile; fileRef = CA53D4032BD44188004CBF48 /* LazyHostingViewController.swift */; };
		CA53D41A2BD44188004CBF48 /* BaseWireframe.swift in Sources */ = {isa = PBXBuildFile; fileRef = CA53D4042BD44188004CBF48 /* BaseWireframe.swift */; };
		CA53D41B2BD44188004CBF48 /* FormatterInterface.swift in Sources */ = {isa = PBXBuildFile; fileRef = CA53D4052BD44188004CBF48 /* FormatterInterface.swift */; };
		CA53D41C2BD44188004CBF48 /* HostingNavigationController.swift in Sources */ = {isa = PBXBuildFile; fileRef = CA53D4062BD44188004CBF48 /* HostingNavigationController.swift */; };
		CA53D41D2BD44188004CBF48 /* PresenterInterface.swift in Sources */ = {isa = PBXBuildFile; fileRef = CA53D4072BD44188004CBF48 /* PresenterInterface.swift */; };
		CA53D41E2BD44188004CBF48 /* ViewInterface.swift in Sources */ = {isa = PBXBuildFile; fileRef = CA53D4082BD44188004CBF48 /* ViewInterface.swift */; };
		CA53D41F2BD44188004CBF48 /* InteractorInterface.swift in Sources */ = {isa = PBXBuildFile; fileRef = CA53D4092BD44188004CBF48 /* InteractorInterface.swift */; };
		CA53D4642BD44838004CBF48 /* SplashListInteractor.swift in Sources */ = {isa = PBXBuildFile; fileRef = CA53D45A2BD44838004CBF48 /* SplashListInteractor.swift */; };
		CA53D4652BD44838004CBF48 /* SplashPresenter.swift in Sources */ = {isa = PBXBuildFile; fileRef = CA53D45C2BD44838004CBF48 /* SplashPresenter.swift */; };
		CA53D4662BD44838004CBF48 /* SplashView.swift in Sources */ = {isa = PBXBuildFile; fileRef = CA53D45E2BD44838004CBF48 /* SplashView.swift */; };
		CA53D4682BD44838004CBF48 /* SplashInterfaces.swift in Sources */ = {isa = PBXBuildFile; fileRef = CA53D4612BD44838004CBF48 /* SplashInterfaces.swift */; };
		CA53D4692BD44838004CBF48 /* SplashWireframe.swift in Sources */ = {isa = PBXBuildFile; fileRef = CA53D4632BD44838004CBF48 /* SplashWireframe.swift */; };
		CA53D46C2BD4948A004CBF48 /* SplashFormatter.swift in Sources */ = {isa = PBXBuildFile; fileRef = CA53D46B2BD4948A004CBF48 /* SplashFormatter.swift */; };
		CA53D47E2BD496DC004CBF48 /* CharactersListEntity.swift in Sources */ = {isa = PBXBuildFile; fileRef = CA53D46F2BD496DC004CBF48 /* CharactersListEntity.swift */; };
		CA53D47F2BD496DC004CBF48 /* CharacterEntity.swift in Sources */ = {isa = PBXBuildFile; fileRef = CA53D4702BD496DC004CBF48 /* CharacterEntity.swift */; };
		CA53D4802BD496DC004CBF48 /* CharactersListRequest.swift in Sources */ = {isa = PBXBuildFile; fileRef = CA53D4722BD496DC004CBF48 /* CharactersListRequest.swift */; };
		CA53D4812BD496DC004CBF48 /* CharactersListPresenter.swift in Sources */ = {isa = PBXBuildFile; fileRef = CA53D4742BD496DC004CBF48 /* CharactersListPresenter.swift */; };
		CA53D4822BD496DC004CBF48 /* CharactersListWireframe.swift in Sources */ = {isa = PBXBuildFile; fileRef = CA53D4762BD496DC004CBF48 /* CharactersListWireframe.swift */; };
		CA53D4832BD496DC004CBF48 /* CharactersListView.swift in Sources */ = {isa = PBXBuildFile; fileRef = CA53D4782BD496DC004CBF48 /* CharactersListView.swift */; };
		CA53D4842BD496DC004CBF48 /* CharacterAdapter.swift in Sources */ = {isa = PBXBuildFile; fileRef = CA53D4792BD496DC004CBF48 /* CharacterAdapter.swift */; };
		CA53D4852BD496DC004CBF48 /* CharactersListInteractor.swift in Sources */ = {isa = PBXBuildFile; fileRef = CA53D47B2BD496DC004CBF48 /* CharactersListInteractor.swift */; };
		CA53D4862BD496DC004CBF48 /* CharactersListInterfaces.swift in Sources */ = {isa = PBXBuildFile; fileRef = CA53D47D2BD496DC004CBF48 /* CharactersListInterfaces.swift */; };
/* End PBXBuildFile section */

/* Begin PBXContainerItemProxy section */
		CA53D39A2BD44036004CBF48 /* PBXContainerItemProxy */ = {
			isa = PBXContainerItemProxy;
			containerPortal = CA53D3802BD44033004CBF48 /* Project object */;
			proxyType = 1;
			remoteGlobalIDString = CA53D3872BD44033004CBF48;
			remoteInfo = "Rick&Morty";
		};
		CA53D3A42BD44036004CBF48 /* PBXContainerItemProxy */ = {
			isa = PBXContainerItemProxy;
			containerPortal = CA53D3802BD44033004CBF48 /* Project object */;
			proxyType = 1;
			remoteGlobalIDString = CA53D3872BD44033004CBF48;
			remoteInfo = "Rick&Morty";
		};
/* End PBXContainerItemProxy section */

/* Begin PBXFileReference section */
		CA53D3882BD44033004CBF48 /* Rick&Morty.app */ = {isa = PBXFileReference; explicitFileType = wrapper.application; includeInIndex = 0; path = "Rick&Morty.app"; sourceTree = BUILT_PRODUCTS_DIR; };
		CA53D38F2BD44035004CBF48 /* Assets.xcassets */ = {isa = PBXFileReference; lastKnownFileType = folder.assetcatalog; path = Assets.xcassets; sourceTree = "<group>"; };
		CA53D3912BD44035004CBF48 /* Rick_Morty.entitlements */ = {isa = PBXFileReference; lastKnownFileType = text.plist.entitlements; path = Rick_Morty.entitlements; sourceTree = "<group>"; };
		CA53D3932BD44035004CBF48 /* Preview Assets.xcassets */ = {isa = PBXFileReference; lastKnownFileType = folder.assetcatalog; path = "Preview Assets.xcassets"; sourceTree = "<group>"; };
		CA53D3992BD44036004CBF48 /* Rick&MortyTests.xctest */ = {isa = PBXFileReference; explicitFileType = wrapper.cfbundle; includeInIndex = 0; path = "Rick&MortyTests.xctest"; sourceTree = BUILT_PRODUCTS_DIR; };
		CA53D39D2BD44036004CBF48 /* Rick_MortyTests.swift */ = {isa = PBXFileReference; lastKnownFileType = sourcecode.swift; path = Rick_MortyTests.swift; sourceTree = "<group>"; };
		CA53D3A32BD44036004CBF48 /* Rick&MortyUITests.xctest */ = {isa = PBXFileReference; explicitFileType = wrapper.cfbundle; includeInIndex = 0; path = "Rick&MortyUITests.xctest"; sourceTree = BUILT_PRODUCTS_DIR; };
		CA53D3A72BD44036004CBF48 /* Rick_MortyUITests.swift */ = {isa = PBXFileReference; lastKnownFileType = sourcecode.swift; path = Rick_MortyUITests.swift; sourceTree = "<group>"; };
		CA53D3A92BD44036004CBF48 /* Rick_MortyUITestsLaunchTests.swift */ = {isa = PBXFileReference; lastKnownFileType = sourcecode.swift; path = Rick_MortyUITestsLaunchTests.swift; sourceTree = "<group>"; };
		CA53D3ED2BD44188004CBF48 /* AppDelegate.swift */ = {isa = PBXFileReference; fileEncoding = 4; lastKnownFileType = sourcecode.swift; path = AppDelegate.swift; sourceTree = "<group>"; };
		CA53D3EE2BD44188004CBF48 /* Info.plist */ = {isa = PBXFileReference; fileEncoding = 4; lastKnownFileType = text.plist.xml; path = Info.plist; sourceTree = "<group>"; };
		CA53D3F02BD44188004CBF48 /* Constants.swift */ = {isa = PBXFileReference; fileEncoding = 4; lastKnownFileType = sourcecode.swift; path = Constants.swift; sourceTree = "<group>"; };
		CA53D3F22BD44188004CBF48 /* Encodable+Utils.swift */ = {isa = PBXFileReference; fileEncoding = 4; lastKnownFileType = sourcecode.swift; path = "Encodable+Utils.swift"; sourceTree = "<group>"; };
		CA53D3F32BD44188004CBF48 /* View+Utils.swift */ = {isa = PBXFileReference; fileEncoding = 4; lastKnownFileType = sourcecode.swift; path = "View+Utils.swift"; sourceTree = "<group>"; };
		CA53D3F42BD44188004CBF48 /* String+Utils.swift */ = {isa = PBXFileReference; fileEncoding = 4; lastKnownFileType = sourcecode.swift; path = "String+Utils.swift"; sourceTree = "<group>"; };
		CA53D3F52BD44188004CBF48 /* HorizontalAlignment+Utils.swift */ = {isa = PBXFileReference; fileEncoding = 4; lastKnownFileType = sourcecode.swift; path = "HorizontalAlignment+Utils.swift"; sourceTree = "<group>"; };
		CA53D3F72BD44188004CBF48 /* ActivityIndicator.swift */ = {isa = PBXFileReference; fileEncoding = 4; lastKnownFileType = sourcecode.swift; path = ActivityIndicator.swift; sourceTree = "<group>"; };
		CA53D3F82BD44188004CBF48 /* HeaderSearchView.swift */ = {isa = PBXFileReference; fileEncoding = 4; lastKnownFileType = sourcecode.swift; path = HeaderSearchView.swift; sourceTree = "<group>"; };
		CA53D3F92BD44188004CBF48 /* TextFieldClearButton.swift */ = {isa = PBXFileReference; fileEncoding = 4; lastKnownFileType = sourcecode.swift; path = TextFieldClearButton.swift; sourceTree = "<group>"; };
		CA53D3FB2BD44188004CBF48 /* GridCellProtocol.swift */ = {isa = PBXFileReference; fileEncoding = 4; lastKnownFileType = sourcecode.swift; path = GridCellProtocol.swift; sourceTree = "<group>"; };
		CA53D3FC2BD44188004CBF48 /* GridView.swift */ = {isa = PBXFileReference; fileEncoding = 4; lastKnownFileType = sourcecode.swift; path = GridView.swift; sourceTree = "<group>"; };
		CA53D3FD2BD44188004CBF48 /* GridCellView.swift */ = {isa = PBXFileReference; fileEncoding = 4; lastKnownFileType = sourcecode.swift; path = GridCellView.swift; sourceTree = "<group>"; };
		CA53D4002BD44188004CBF48 /* Networker.swift */ = {isa = PBXFileReference; fileEncoding = 4; lastKnownFileType = sourcecode.swift; path = Networker.swift; sourceTree = "<group>"; };
		CA53D4012BD44188004CBF48 /* Request.swift */ = {isa = PBXFileReference; fileEncoding = 4; lastKnownFileType = sourcecode.swift; path = Request.swift; sourceTree = "<group>"; };
		CA53D4032BD44188004CBF48 /* LazyHostingViewController.swift */ = {isa = PBXFileReference; fileEncoding = 4; lastKnownFileType = sourcecode.swift; path = LazyHostingViewController.swift; sourceTree = "<group>"; };
		CA53D4042BD44188004CBF48 /* BaseWireframe.swift */ = {isa = PBXFileReference; fileEncoding = 4; lastKnownFileType = sourcecode.swift; path = BaseWireframe.swift; sourceTree = "<group>"; };
		CA53D4052BD44188004CBF48 /* FormatterInterface.swift */ = {isa = PBXFileReference; fileEncoding = 4; lastKnownFileType = sourcecode.swift; path = FormatterInterface.swift; sourceTree = "<group>"; };
		CA53D4062BD44188004CBF48 /* HostingNavigationController.swift */ = {isa = PBXFileReference; fileEncoding = 4; lastKnownFileType = sourcecode.swift; path = HostingNavigationController.swift; sourceTree = "<group>"; };
		CA53D4072BD44188004CBF48 /* PresenterInterface.swift */ = {isa = PBXFileReference; fileEncoding = 4; lastKnownFileType = sourcecode.swift; path = PresenterInterface.swift; sourceTree = "<group>"; };
		CA53D4082BD44188004CBF48 /* ViewInterface.swift */ = {isa = PBXFileReference; fileEncoding = 4; lastKnownFileType = sourcecode.swift; path = ViewInterface.swift; sourceTree = "<group>"; };
		CA53D4092BD44188004CBF48 /* InteractorInterface.swift */ = {isa = PBXFileReference; fileEncoding = 4; lastKnownFileType = sourcecode.swift; path = InteractorInterface.swift; sourceTree = "<group>"; };
		CA53D45A2BD44838004CBF48 /* SplashListInteractor.swift */ = {isa = PBXFileReference; fileEncoding = 4; lastKnownFileType = sourcecode.swift; path = SplashListInteractor.swift; sourceTree = "<group>"; };
		CA53D45C2BD44838004CBF48 /* SplashPresenter.swift */ = {isa = PBXFileReference; fileEncoding = 4; lastKnownFileType = sourcecode.swift; path = SplashPresenter.swift; sourceTree = "<group>"; };
		CA53D45E2BD44838004CBF48 /* SplashView.swift */ = {isa = PBXFileReference; fileEncoding = 4; lastKnownFileType = sourcecode.swift; path = SplashView.swift; sourceTree = "<group>"; };
		CA53D4612BD44838004CBF48 /* SplashInterfaces.swift */ = {isa = PBXFileReference; fileEncoding = 4; lastKnownFileType = sourcecode.swift; path = SplashInterfaces.swift; sourceTree = "<group>"; };
		CA53D4632BD44838004CBF48 /* SplashWireframe.swift */ = {isa = PBXFileReference; fileEncoding = 4; lastKnownFileType = sourcecode.swift; path = SplashWireframe.swift; sourceTree = "<group>"; };
		CA53D46B2BD4948A004CBF48 /* SplashFormatter.swift */ = {isa = PBXFileReference; lastKnownFileType = sourcecode.swift; path = SplashFormatter.swift; sourceTree = "<group>"; };
		CA53D46F2BD496DC004CBF48 /* CharactersListEntity.swift */ = {isa = PBXFileReference; fileEncoding = 4; lastKnownFileType = sourcecode.swift; path = CharactersListEntity.swift; sourceTree = "<group>"; };
		CA53D4702BD496DC004CBF48 /* CharacterEntity.swift */ = {isa = PBXFileReference; fileEncoding = 4; lastKnownFileType = sourcecode.swift; path = CharacterEntity.swift; sourceTree = "<group>"; };
		CA53D4722BD496DC004CBF48 /* CharactersListRequest.swift */ = {isa = PBXFileReference; fileEncoding = 4; lastKnownFileType = sourcecode.swift; path = CharactersListRequest.swift; sourceTree = "<group>"; };
		CA53D4742BD496DC004CBF48 /* CharactersListPresenter.swift */ = {isa = PBXFileReference; fileEncoding = 4; lastKnownFileType = sourcecode.swift; path = CharactersListPresenter.swift; sourceTree = "<group>"; };
		CA53D4762BD496DC004CBF48 /* CharactersListWireframe.swift */ = {isa = PBXFileReference; fileEncoding = 4; lastKnownFileType = sourcecode.swift; path = CharactersListWireframe.swift; sourceTree = "<group>"; };
		CA53D4782BD496DC004CBF48 /* CharactersListView.swift */ = {isa = PBXFileReference; fileEncoding = 4; lastKnownFileType = sourcecode.swift; path = CharactersListView.swift; sourceTree = "<group>"; };
		CA53D4792BD496DC004CBF48 /* CharacterAdapter.swift */ = {isa = PBXFileReference; fileEncoding = 4; lastKnownFileType = sourcecode.swift; path = CharacterAdapter.swift; sourceTree = "<group>"; };
		CA53D47B2BD496DC004CBF48 /* CharactersListInteractor.swift */ = {isa = PBXFileReference; fileEncoding = 4; lastKnownFileType = sourcecode.swift; path = CharactersListInteractor.swift; sourceTree = "<group>"; };
		CA53D47D2BD496DC004CBF48 /* CharactersListInterfaces.swift */ = {isa = PBXFileReference; fileEncoding = 4; lastKnownFileType = sourcecode.swift; path = CharactersListInterfaces.swift; sourceTree = "<group>"; };
/* End PBXFileReference section */

/* Begin PBXFrameworksBuildPhase section */
		CA53D3852BD44033004CBF48 /* Frameworks */ = {
			isa = PBXFrameworksBuildPhase;
			buildActionMask = 2147483647;
			files = (
			);
			runOnlyForDeploymentPostprocessing = 0;
		};
		CA53D3962BD44036004CBF48 /* Frameworks */ = {
			isa = PBXFrameworksBuildPhase;
			buildActionMask = 2147483647;
			files = (
			);
			runOnlyForDeploymentPostprocessing = 0;
		};
		CA53D3A02BD44036004CBF48 /* Frameworks */ = {
			isa = PBXFrameworksBuildPhase;
			buildActionMask = 2147483647;
			files = (
			);
			runOnlyForDeploymentPostprocessing = 0;
		};
/* End PBXFrameworksBuildPhase section */

/* Begin PBXGroup section */
		CA53D37F2BD44033004CBF48 = {
			isa = PBXGroup;
			children = (
				CA53D38A2BD44033004CBF48 /* Rick&Morty */,
				CA53D39C2BD44036004CBF48 /* Rick&MortyTests */,
				CA53D3A62BD44036004CBF48 /* Rick&MortyUITests */,
				CA53D3892BD44033004CBF48 /* Products */,
			);
			sourceTree = "<group>";
		};
		CA53D3892BD44033004CBF48 /* Products */ = {
			isa = PBXGroup;
			children = (
				CA53D3882BD44033004CBF48 /* Rick&Morty.app */,
				CA53D3992BD44036004CBF48 /* Rick&MortyTests.xctest */,
				CA53D3A32BD44036004CBF48 /* Rick&MortyUITests.xctest */,
			);
			name = Products;
			sourceTree = "<group>";
		};
		CA53D38A2BD44033004CBF48 /* Rick&Morty */ = {
			isa = PBXGroup;
			children = (
				CA53D3912BD44035004CBF48 /* Rick_Morty.entitlements */,
				CA53D38F2BD44035004CBF48 /* Assets.xcassets */,
				CA53D3EB2BD44188004CBF48 /* Common */,
				CA53D4202BD44743004CBF48 /* Modules */,
				CA53D3922BD44035004CBF48 /* Preview Content */,
			);
			path = "Rick&Morty";
			sourceTree = "<group>";
		};
		CA53D3922BD44035004CBF48 /* Preview Content */ = {
			isa = PBXGroup;
			children = (
				CA53D3932BD44035004CBF48 /* Preview Assets.xcassets */,
			);
			path = "Preview Content";
			sourceTree = "<group>";
		};
		CA53D39C2BD44036004CBF48 /* Rick&MortyTests */ = {
			isa = PBXGroup;
			children = (
				CA53D39D2BD44036004CBF48 /* Rick_MortyTests.swift */,
			);
			path = "Rick&MortyTests";
			sourceTree = "<group>";
		};
		CA53D3A62BD44036004CBF48 /* Rick&MortyUITests */ = {
			isa = PBXGroup;
			children = (
				CA53D3A72BD44036004CBF48 /* Rick_MortyUITests.swift */,
				CA53D3A92BD44036004CBF48 /* Rick_MortyUITestsLaunchTests.swift */,
			);
			path = "Rick&MortyUITests";
			sourceTree = "<group>";
		};
		CA53D3EB2BD44188004CBF48 /* Common */ = {
			isa = PBXGroup;
			children = (
				CA53D3EC2BD44188004CBF48 /* App */,
				CA53D3FE2BD44188004CBF48 /* Base */,
				CA53D3EF2BD44188004CBF48 /* Constants */,
				CA53D3F12BD44188004CBF48 /* Utils */,
				CA53D3F62BD44188004CBF48 /* Views */,
			);
			path = Common;
			sourceTree = "<group>";
		};
		CA53D3EC2BD44188004CBF48 /* App */ = {
			isa = PBXGroup;
			children = (
				CA53D3ED2BD44188004CBF48 /* AppDelegate.swift */,
				CA53D3EE2BD44188004CBF48 /* Info.plist */,
			);
			path = App;
			sourceTree = "<group>";
		};
		CA53D3EF2BD44188004CBF48 /* Constants */ = {
			isa = PBXGroup;
			children = (
				CA53D3F02BD44188004CBF48 /* Constants.swift */,
			);
			path = Constants;
			sourceTree = "<group>";
		};
		CA53D3F12BD44188004CBF48 /* Utils */ = {
			isa = PBXGroup;
			children = (
				CA53D3F22BD44188004CBF48 /* Encodable+Utils.swift */,
				CA53D3F32BD44188004CBF48 /* View+Utils.swift */,
				CA53D3F42BD44188004CBF48 /* String+Utils.swift */,
				CA53D3F52BD44188004CBF48 /* HorizontalAlignment+Utils.swift */,
			);
			path = Utils;
			sourceTree = "<group>";
		};
		CA53D3F62BD44188004CBF48 /* Views */ = {
			isa = PBXGroup;
			children = (
				CA53D3F72BD44188004CBF48 /* ActivityIndicator.swift */,
				CA53D3F82BD44188004CBF48 /* HeaderSearchView.swift */,
				CA53D3F92BD44188004CBF48 /* TextFieldClearButton.swift */,
				CA53D3FA2BD44188004CBF48 /* Grid */,
			);
			path = Views;
			sourceTree = "<group>";
		};
		CA53D3FA2BD44188004CBF48 /* Grid */ = {
			isa = PBXGroup;
			children = (
				CA53D3FB2BD44188004CBF48 /* GridCellProtocol.swift */,
				CA53D3FC2BD44188004CBF48 /* GridView.swift */,
				CA53D3FD2BD44188004CBF48 /* GridCellView.swift */,
			);
			path = Grid;
			sourceTree = "<group>";
		};
		CA53D3FE2BD44188004CBF48 /* Base */ = {
			isa = PBXGroup;
			children = (
				CA53D3FF2BD44188004CBF48 /* Networking */,
				CA53D4022BD44188004CBF48 /* VIPER */,
			);
			path = Base;
			sourceTree = "<group>";
		};
		CA53D3FF2BD44188004CBF48 /* Networking */ = {
			isa = PBXGroup;
			children = (
				CA53D4002BD44188004CBF48 /* Networker.swift */,
				CA53D4012BD44188004CBF48 /* Request.swift */,
			);
			path = Networking;
			sourceTree = "<group>";
		};
		CA53D4022BD44188004CBF48 /* VIPER */ = {
			isa = PBXGroup;
			children = (
				CA53D4032BD44188004CBF48 /* LazyHostingViewController.swift */,
				CA53D4042BD44188004CBF48 /* BaseWireframe.swift */,
				CA53D4052BD44188004CBF48 /* FormatterInterface.swift */,
				CA53D4062BD44188004CBF48 /* HostingNavigationController.swift */,
				CA53D4072BD44188004CBF48 /* PresenterInterface.swift */,
				CA53D4082BD44188004CBF48 /* ViewInterface.swift */,
				CA53D4092BD44188004CBF48 /* InteractorInterface.swift */,
			);
			path = VIPER;
			sourceTree = "<group>";
		};
		CA53D4202BD44743004CBF48 /* Modules */ = {
			isa = PBXGroup;
			children = (
				CA53D46D2BD496DC004CBF48 /* CharactersList */,
				CA53D4582BD44773004CBF48 /* Splash */,
			);
			path = Modules;
			sourceTree = "<group>";
		};
		CA53D4582BD44773004CBF48 /* Splash */ = {
			isa = PBXGroup;
			children = (
				CA53D46A2BD4946C004CBF48 /* Formatter */,
				CA53D4592BD44838004CBF48 /* Interactor */,
				CA53D4602BD44838004CBF48 /* Interfaces */,
				CA53D45B2BD44838004CBF48 /* Presenter */,
				CA53D45D2BD44838004CBF48 /* Views */,
				CA53D4622BD44838004CBF48 /* Wireframe */,
			);
			path = Splash;
			sourceTree = "<group>";
		};
		CA53D4592BD44838004CBF48 /* Interactor */ = {
			isa = PBXGroup;
			children = (
				CA53D45A2BD44838004CBF48 /* SplashListInteractor.swift */,
			);
			path = Interactor;
			sourceTree = "<group>";
		};
		CA53D45B2BD44838004CBF48 /* Presenter */ = {
			isa = PBXGroup;
			children = (
				CA53D45C2BD44838004CBF48 /* SplashPresenter.swift */,
			);
			path = Presenter;
			sourceTree = "<group>";
		};
		CA53D45D2BD44838004CBF48 /* Views */ = {
			isa = PBXGroup;
			children = (
				CA53D45E2BD44838004CBF48 /* SplashView.swift */,
			);
			path = Views;
			sourceTree = "<group>";
		};
		CA53D4602BD44838004CBF48 /* Interfaces */ = {
			isa = PBXGroup;
			children = (
				CA53D4612BD44838004CBF48 /* SplashInterfaces.swift */,
			);
			path = Interfaces;
			sourceTree = "<group>";
		};
		CA53D4622BD44838004CBF48 /* Wireframe */ = {
			isa = PBXGroup;
			children = (
				CA53D4632BD44838004CBF48 /* SplashWireframe.swift */,
			);
			path = Wireframe;
			sourceTree = "<group>";
		};
		CA53D46A2BD4946C004CBF48 /* Formatter */ = {
			isa = PBXGroup;
			children = (
				CA53D46B2BD4948A004CBF48 /* SplashFormatter.swift */,
			);
			path = Formatter;
			sourceTree = "<group>";
		};
		CA53D46D2BD496DC004CBF48 /* CharactersList */ = {
			isa = PBXGroup;
			children = (
				CA53D46E2BD496DC004CBF48 /* Entity */,
				CA53D4712BD496DC004CBF48 /* Networking */,
				CA53D4732BD496DC004CBF48 /* Presenter */,
				CA53D4752BD496DC004CBF48 /* Wireframe */,
				CA53D4772BD496DC004CBF48 /* Views */,
				CA53D47A2BD496DC004CBF48 /* Interactor */,
				CA53D47C2BD496DC004CBF48 /* Interfaces */,
			);
			path = CharactersList;
			sourceTree = "<group>";
		};
		CA53D46E2BD496DC004CBF48 /* Entity */ = {
			isa = PBXGroup;
			children = (
				CA53D46F2BD496DC004CBF48 /* CharactersListEntity.swift */,
				CA53D4702BD496DC004CBF48 /* CharacterEntity.swift */,
			);
			path = Entity;
			sourceTree = "<group>";
		};
		CA53D4712BD496DC004CBF48 /* Networking */ = {
			isa = PBXGroup;
			children = (
				CA53D4722BD496DC004CBF48 /* CharactersListRequest.swift */,
			);
			path = Networking;
			sourceTree = "<group>";
		};
		CA53D4732BD496DC004CBF48 /* Presenter */ = {
			isa = PBXGroup;
			children = (
				CA53D4742BD496DC004CBF48 /* CharactersListPresenter.swift */,
			);
			path = Presenter;
			sourceTree = "<group>";
		};
		CA53D4752BD496DC004CBF48 /* Wireframe */ = {
			isa = PBXGroup;
			children = (
				CA53D4762BD496DC004CBF48 /* CharactersListWireframe.swift */,
			);
			path = Wireframe;
			sourceTree = "<group>";
		};
		CA53D4772BD496DC004CBF48 /* Views */ = {
			isa = PBXGroup;
			children = (
				CA53D4782BD496DC004CBF48 /* CharactersListView.swift */,
				CA53D4792BD496DC004CBF48 /* CharacterAdapter.swift */,
			);
			path = Views;
			sourceTree = "<group>";
		};
		CA53D47A2BD496DC004CBF48 /* Interactor */ = {
			isa = PBXGroup;
			children = (
				CA53D47B2BD496DC004CBF48 /* CharactersListInteractor.swift */,
			);
			path = Interactor;
			sourceTree = "<group>";
		};
		CA53D47C2BD496DC004CBF48 /* Interfaces */ = {
			isa = PBXGroup;
			children = (
				CA53D47D2BD496DC004CBF48 /* CharactersListInterfaces.swift */,
			);
			path = Interfaces;
			sourceTree = "<group>";
		};
/* End PBXGroup section */

/* Begin PBXNativeTarget section */
		CA53D3872BD44033004CBF48 /* Rick&Morty */ = {
			isa = PBXNativeTarget;
			buildConfigurationList = CA53D3AD2BD44036004CBF48 /* Build configuration list for PBXNativeTarget "Rick&Morty" */;
			buildPhases = (
				CA53D3842BD44033004CBF48 /* Sources */,
				CA53D3852BD44033004CBF48 /* Frameworks */,
				CA53D3862BD44033004CBF48 /* Resources */,
			);
			buildRules = (
			);
			dependencies = (
			);
			name = "Rick&Morty";
			productName = "Rick&Morty";
			productReference = CA53D3882BD44033004CBF48 /* Rick&Morty.app */;
			productType = "com.apple.product-type.application";
		};
		CA53D3982BD44036004CBF48 /* Rick&MortyTests */ = {
			isa = PBXNativeTarget;
			buildConfigurationList = CA53D3B02BD44036004CBF48 /* Build configuration list for PBXNativeTarget "Rick&MortyTests" */;
			buildPhases = (
				CA53D3952BD44036004CBF48 /* Sources */,
				CA53D3962BD44036004CBF48 /* Frameworks */,
				CA53D3972BD44036004CBF48 /* Resources */,
			);
			buildRules = (
			);
			dependencies = (
				CA53D39B2BD44036004CBF48 /* PBXTargetDependency */,
			);
			name = "Rick&MortyTests";
			productName = "Rick&MortyTests";
			productReference = CA53D3992BD44036004CBF48 /* Rick&MortyTests.xctest */;
			productType = "com.apple.product-type.bundle.unit-test";
		};
		CA53D3A22BD44036004CBF48 /* Rick&MortyUITests */ = {
			isa = PBXNativeTarget;
			buildConfigurationList = CA53D3B32BD44036004CBF48 /* Build configuration list for PBXNativeTarget "Rick&MortyUITests" */;
			buildPhases = (
				CA53D39F2BD44036004CBF48 /* Sources */,
				CA53D3A02BD44036004CBF48 /* Frameworks */,
				CA53D3A12BD44036004CBF48 /* Resources */,
			);
			buildRules = (
			);
			dependencies = (
				CA53D3A52BD44036004CBF48 /* PBXTargetDependency */,
			);
			name = "Rick&MortyUITests";
			productName = "Rick&MortyUITests";
			productReference = CA53D3A32BD44036004CBF48 /* Rick&MortyUITests.xctest */;
			productType = "com.apple.product-type.bundle.ui-testing";
		};
/* End PBXNativeTarget section */

/* Begin PBXProject section */
		CA53D3802BD44033004CBF48 /* Project object */ = {
			isa = PBXProject;
			attributes = {
				BuildIndependentTargetsInParallel = 1;
				LastSwiftUpdateCheck = 1520;
				LastUpgradeCheck = 1520;
				TargetAttributes = {
					CA53D3872BD44033004CBF48 = {
						CreatedOnToolsVersion = 15.2;
					};
					CA53D3982BD44036004CBF48 = {
						CreatedOnToolsVersion = 15.2;
						TestTargetID = CA53D3872BD44033004CBF48;
					};
					CA53D3A22BD44036004CBF48 = {
						CreatedOnToolsVersion = 15.2;
						TestTargetID = CA53D3872BD44033004CBF48;
					};
				};
			};
			buildConfigurationList = CA53D3832BD44033004CBF48 /* Build configuration list for PBXProject "Rick&Morty" */;
			compatibilityVersion = "Xcode 14.0";
			developmentRegion = en;
			hasScannedForEncodings = 0;
			knownRegions = (
				en,
				Base,
			);
			mainGroup = CA53D37F2BD44033004CBF48;
			productRefGroup = CA53D3892BD44033004CBF48 /* Products */;
			projectDirPath = "";
			projectRoot = "";
			targets = (
				CA53D3872BD44033004CBF48 /* Rick&Morty */,
				CA53D3982BD44036004CBF48 /* Rick&MortyTests */,
				CA53D3A22BD44036004CBF48 /* Rick&MortyUITests */,
			);
		};
/* End PBXProject section */

/* Begin PBXResourcesBuildPhase section */
		CA53D3862BD44033004CBF48 /* Resources */ = {
			isa = PBXResourcesBuildPhase;
			buildActionMask = 2147483647;
			files = (
				CA53D3942BD44035004CBF48 /* Preview Assets.xcassets in Resources */,
				CA53D3902BD44035004CBF48 /* Assets.xcassets in Resources */,
			);
			runOnlyForDeploymentPostprocessing = 0;
		};
		CA53D3972BD44036004CBF48 /* Resources */ = {
			isa = PBXResourcesBuildPhase;
			buildActionMask = 2147483647;
			files = (
			);
			runOnlyForDeploymentPostprocessing = 0;
		};
		CA53D3A12BD44036004CBF48 /* Resources */ = {
			isa = PBXResourcesBuildPhase;
			buildActionMask = 2147483647;
			files = (
			);
			runOnlyForDeploymentPostprocessing = 0;
		};
/* End PBXResourcesBuildPhase section */

/* Begin PBXSourcesBuildPhase section */
		CA53D3842BD44033004CBF48 /* Sources */ = {
			isa = PBXSourcesBuildPhase;
			buildActionMask = 2147483647;
			files = (
				CA53D40D2BD44188004CBF48 /* Encodable+Utils.swift in Sources */,
				CA53D4662BD44838004CBF48 /* SplashView.swift in Sources */,
				CA53D47F2BD496DC004CBF48 /* CharacterEntity.swift in Sources */,
				CA53D4852BD496DC004CBF48 /* CharactersListInteractor.swift in Sources */,
				CA53D4182BD44188004CBF48 /* Request.swift in Sources */,
				CA53D40A2BD44188004CBF48 /* AppDelegate.swift in Sources */,
				CA53D46C2BD4948A004CBF48 /* SplashFormatter.swift in Sources */,
				CA53D4152BD44188004CBF48 /* GridView.swift in Sources */,
				CA53D47E2BD496DC004CBF48 /* CharactersListEntity.swift in Sources */,
				CA53D41B2BD44188004CBF48 /* FormatterInterface.swift in Sources */,
				CA53D4842BD496DC004CBF48 /* CharacterAdapter.swift in Sources */,
				CA53D4172BD44188004CBF48 /* Networker.swift in Sources */,
				CA53D41C2BD44188004CBF48 /* HostingNavigationController.swift in Sources */,
				CA53D40E2BD44188004CBF48 /* View+Utils.swift in Sources */,
				CA53D41E2BD44188004CBF48 /* ViewInterface.swift in Sources */,
				CA53D40F2BD44188004CBF48 /* String+Utils.swift in Sources */,
				CA53D41F2BD44188004CBF48 /* InteractorInterface.swift in Sources */,
				CA53D41A2BD44188004CBF48 /* BaseWireframe.swift in Sources */,
				CA53D40C2BD44188004CBF48 /* Constants.swift in Sources */,
				CA53D4112BD44188004CBF48 /* ActivityIndicator.swift in Sources */,
				CA53D4102BD44188004CBF48 /* HorizontalAlignment+Utils.swift in Sources */,
				CA53D4802BD496DC004CBF48 /* CharactersListRequest.swift in Sources */,
				CA53D4652BD44838004CBF48 /* SplashPresenter.swift in Sources */,
				CA53D4162BD44188004CBF48 /* GridCellView.swift in Sources */,
				CA53D4822BD496DC004CBF48 /* CharactersListWireframe.swift in Sources */,
				CA53D4832BD496DC004CBF48 /* CharactersListView.swift in Sources */,
				CA53D4692BD44838004CBF48 /* SplashWireframe.swift in Sources */,
				CA53D4142BD44188004CBF48 /* GridCellProtocol.swift in Sources */,
				CA53D4682BD44838004CBF48 /* SplashInterfaces.swift in Sources */,
				CA53D4642BD44838004CBF48 /* SplashListInteractor.swift in Sources */,
				CA53D4812BD496DC004CBF48 /* CharactersListPresenter.swift in Sources */,
				CA53D4132BD44188004CBF48 /* TextFieldClearButton.swift in Sources */,
				CA53D4192BD44188004CBF48 /* LazyHostingViewController.swift in Sources */,
				CA53D4862BD496DC004CBF48 /* CharactersListInterfaces.swift in Sources */,
				CA53D4122BD44188004CBF48 /* HeaderSearchView.swift in Sources */,
				CA53D41D2BD44188004CBF48 /* PresenterInterface.swift in Sources */,
			);
			runOnlyForDeploymentPostprocessing = 0;
		};
		CA53D3952BD44036004CBF48 /* Sources */ = {
			isa = PBXSourcesBuildPhase;
			buildActionMask = 2147483647;
			files = (
				CA53D39E2BD44036004CBF48 /* Rick_MortyTests.swift in Sources */,
			);
			runOnlyForDeploymentPostprocessing = 0;
		};
		CA53D39F2BD44036004CBF48 /* Sources */ = {
			isa = PBXSourcesBuildPhase;
			buildActionMask = 2147483647;
			files = (
				CA53D3A82BD44036004CBF48 /* Rick_MortyUITests.swift in Sources */,
				CA53D3AA2BD44036004CBF48 /* Rick_MortyUITestsLaunchTests.swift in Sources */,
			);
			runOnlyForDeploymentPostprocessing = 0;
		};
/* End PBXSourcesBuildPhase section */

/* Begin PBXTargetDependency section */
		CA53D39B2BD44036004CBF48 /* PBXTargetDependency */ = {
			isa = PBXTargetDependency;
			target = CA53D3872BD44033004CBF48 /* Rick&Morty */;
			targetProxy = CA53D39A2BD44036004CBF48 /* PBXContainerItemProxy */;
		};
		CA53D3A52BD44036004CBF48 /* PBXTargetDependency */ = {
			isa = PBXTargetDependency;
			target = CA53D3872BD44033004CBF48 /* Rick&Morty */;
			targetProxy = CA53D3A42BD44036004CBF48 /* PBXContainerItemProxy */;
		};
/* End PBXTargetDependency section */

/* Begin XCBuildConfiguration section */
		CA53D3AB2BD44036004CBF48 /* Debug */ = {
			isa = XCBuildConfiguration;
			buildSettings = {
				ALWAYS_SEARCH_USER_PATHS = NO;
				ASSETCATALOG_COMPILER_GENERATE_SWIFT_ASSET_SYMBOL_EXTENSIONS = YES;
				CLANG_ANALYZER_NONNULL = YES;
				CLANG_ANALYZER_NUMBER_OBJECT_CONVERSION = YES_AGGRESSIVE;
				CLANG_CXX_LANGUAGE_STANDARD = "gnu++20";
				CLANG_ENABLE_MODULES = YES;
				CLANG_ENABLE_OBJC_ARC = YES;
				CLANG_ENABLE_OBJC_WEAK = YES;
				CLANG_WARN_BLOCK_CAPTURE_AUTORELEASING = YES;
				CLANG_WARN_BOOL_CONVERSION = YES;
				CLANG_WARN_COMMA = YES;
				CLANG_WARN_CONSTANT_CONVERSION = YES;
				CLANG_WARN_DEPRECATED_OBJC_IMPLEMENTATIONS = YES;
				CLANG_WARN_DIRECT_OBJC_ISA_USAGE = YES_ERROR;
				CLANG_WARN_DOCUMENTATION_COMMENTS = YES;
				CLANG_WARN_EMPTY_BODY = YES;
				CLANG_WARN_ENUM_CONVERSION = YES;
				CLANG_WARN_INFINITE_RECURSION = YES;
				CLANG_WARN_INT_CONVERSION = YES;
				CLANG_WARN_NON_LITERAL_NULL_CONVERSION = YES;
				CLANG_WARN_OBJC_IMPLICIT_RETAIN_SELF = YES;
				CLANG_WARN_OBJC_LITERAL_CONVERSION = YES;
				CLANG_WARN_OBJC_ROOT_CLASS = YES_ERROR;
				CLANG_WARN_QUOTED_INCLUDE_IN_FRAMEWORK_HEADER = YES;
				CLANG_WARN_RANGE_LOOP_ANALYSIS = YES;
				CLANG_WARN_STRICT_PROTOTYPES = YES;
				CLANG_WARN_SUSPICIOUS_MOVE = YES;
				CLANG_WARN_UNGUARDED_AVAILABILITY = YES_AGGRESSIVE;
				CLANG_WARN_UNREACHABLE_CODE = YES;
				CLANG_WARN__DUPLICATE_METHOD_MATCH = YES;
				COPY_PHASE_STRIP = NO;
				DEBUG_INFORMATION_FORMAT = dwarf;
				ENABLE_STRICT_OBJC_MSGSEND = YES;
				ENABLE_TESTABILITY = YES;
				ENABLE_USER_SCRIPT_SANDBOXING = YES;
				GCC_C_LANGUAGE_STANDARD = gnu17;
				GCC_DYNAMIC_NO_PIC = NO;
				GCC_NO_COMMON_BLOCKS = YES;
				GCC_OPTIMIZATION_LEVEL = 0;
				GCC_PREPROCESSOR_DEFINITIONS = (
					"DEBUG=1",
					"$(inherited)",
				);
				GCC_WARN_64_TO_32_BIT_CONVERSION = YES;
				GCC_WARN_ABOUT_RETURN_TYPE = YES_ERROR;
				GCC_WARN_UNDECLARED_SELECTOR = YES;
				GCC_WARN_UNINITIALIZED_AUTOS = YES_AGGRESSIVE;
				GCC_WARN_UNUSED_FUNCTION = YES;
				GCC_WARN_UNUSED_VARIABLE = YES;
				LOCALIZATION_PREFERS_STRING_CATALOGS = YES;
				MTL_ENABLE_DEBUG_INFO = INCLUDE_SOURCE;
				MTL_FAST_MATH = YES;
				ONLY_ACTIVE_ARCH = YES;
				SWIFT_ACTIVE_COMPILATION_CONDITIONS = "DEBUG $(inherited)";
				SWIFT_OPTIMIZATION_LEVEL = "-Onone";
			};
			name = Debug;
		};
		CA53D3AC2BD44036004CBF48 /* Release */ = {
			isa = XCBuildConfiguration;
			buildSettings = {
				ALWAYS_SEARCH_USER_PATHS = NO;
				ASSETCATALOG_COMPILER_GENERATE_SWIFT_ASSET_SYMBOL_EXTENSIONS = YES;
				CLANG_ANALYZER_NONNULL = YES;
				CLANG_ANALYZER_NUMBER_OBJECT_CONVERSION = YES_AGGRESSIVE;
				CLANG_CXX_LANGUAGE_STANDARD = "gnu++20";
				CLANG_ENABLE_MODULES = YES;
				CLANG_ENABLE_OBJC_ARC = YES;
				CLANG_ENABLE_OBJC_WEAK = YES;
				CLANG_WARN_BLOCK_CAPTURE_AUTORELEASING = YES;
				CLANG_WARN_BOOL_CONVERSION = YES;
				CLANG_WARN_COMMA = YES;
				CLANG_WARN_CONSTANT_CONVERSION = YES;
				CLANG_WARN_DEPRECATED_OBJC_IMPLEMENTATIONS = YES;
				CLANG_WARN_DIRECT_OBJC_ISA_USAGE = YES_ERROR;
				CLANG_WARN_DOCUMENTATION_COMMENTS = YES;
				CLANG_WARN_EMPTY_BODY = YES;
				CLANG_WARN_ENUM_CONVERSION = YES;
				CLANG_WARN_INFINITE_RECURSION = YES;
				CLANG_WARN_INT_CONVERSION = YES;
				CLANG_WARN_NON_LITERAL_NULL_CONVERSION = YES;
				CLANG_WARN_OBJC_IMPLICIT_RETAIN_SELF = YES;
				CLANG_WARN_OBJC_LITERAL_CONVERSION = YES;
				CLANG_WARN_OBJC_ROOT_CLASS = YES_ERROR;
				CLANG_WARN_QUOTED_INCLUDE_IN_FRAMEWORK_HEADER = YES;
				CLANG_WARN_RANGE_LOOP_ANALYSIS = YES;
				CLANG_WARN_STRICT_PROTOTYPES = YES;
				CLANG_WARN_SUSPICIOUS_MOVE = YES;
				CLANG_WARN_UNGUARDED_AVAILABILITY = YES_AGGRESSIVE;
				CLANG_WARN_UNREACHABLE_CODE = YES;
				CLANG_WARN__DUPLICATE_METHOD_MATCH = YES;
				COPY_PHASE_STRIP = NO;
				DEBUG_INFORMATION_FORMAT = "dwarf-with-dsym";
				ENABLE_NS_ASSERTIONS = NO;
				ENABLE_STRICT_OBJC_MSGSEND = YES;
				ENABLE_USER_SCRIPT_SANDBOXING = YES;
				GCC_C_LANGUAGE_STANDARD = gnu17;
				GCC_NO_COMMON_BLOCKS = YES;
				GCC_WARN_64_TO_32_BIT_CONVERSION = YES;
				GCC_WARN_ABOUT_RETURN_TYPE = YES_ERROR;
				GCC_WARN_UNDECLARED_SELECTOR = YES;
				GCC_WARN_UNINITIALIZED_AUTOS = YES_AGGRESSIVE;
				GCC_WARN_UNUSED_FUNCTION = YES;
				GCC_WARN_UNUSED_VARIABLE = YES;
				LOCALIZATION_PREFERS_STRING_CATALOGS = YES;
				MTL_ENABLE_DEBUG_INFO = NO;
				MTL_FAST_MATH = YES;
				SWIFT_COMPILATION_MODE = wholemodule;
			};
			name = Release;
		};
		CA53D3AE2BD44036004CBF48 /* Debug */ = {
			isa = XCBuildConfiguration;
			buildSettings = {
				ASSETCATALOG_COMPILER_APPICON_NAME = AppIcon;
				ASSETCATALOG_COMPILER_GLOBAL_ACCENT_COLOR_NAME = AccentColor;
				CODE_SIGN_ENTITLEMENTS = "Rick&Morty/Rick_Morty.entitlements";
				CODE_SIGN_STYLE = Automatic;
				CURRENT_PROJECT_VERSION = 1;
				DEVELOPMENT_ASSET_PATHS = "\"Rick&Morty/Preview Content\"";
				DONT_GENERATE_INFOPLIST_FILE = YES;
				ENABLE_PREVIEWS = YES;
				GENERATE_INFOPLIST_FILE = NO;
				INFOPLIST_FILE = "$(SRCROOT)/Rick&Morty/Common/App/Info.plist";
				"INFOPLIST_KEY_UIApplicationSceneManifest_Generation[sdk=iphoneos*]" = YES;
				"INFOPLIST_KEY_UIApplicationSceneManifest_Generation[sdk=iphonesimulator*]" = YES;
				"INFOPLIST_KEY_UIApplicationSupportsIndirectInputEvents[sdk=iphoneos*]" = YES;
				"INFOPLIST_KEY_UIApplicationSupportsIndirectInputEvents[sdk=iphonesimulator*]" = YES;
				"INFOPLIST_KEY_UILaunchScreen_Generation[sdk=iphoneos*]" = YES;
				"INFOPLIST_KEY_UILaunchScreen_Generation[sdk=iphonesimulator*]" = YES;
				"INFOPLIST_KEY_UIStatusBarStyle[sdk=iphoneos*]" = UIStatusBarStyleDefault;
				"INFOPLIST_KEY_UIStatusBarStyle[sdk=iphonesimulator*]" = UIStatusBarStyleDefault;
				INFOPLIST_KEY_UISupportedInterfaceOrientations_iPad = "UIInterfaceOrientationPortrait UIInterfaceOrientationPortraitUpsideDown UIInterfaceOrientationLandscapeLeft UIInterfaceOrientationLandscapeRight";
				INFOPLIST_KEY_UISupportedInterfaceOrientations_iPhone = "UIInterfaceOrientationPortrait UIInterfaceOrientationLandscapeLeft UIInterfaceOrientationLandscapeRight";
				IPHONEOS_DEPLOYMENT_TARGET = 17.2;
				LD_RUNPATH_SEARCH_PATHS = "@executable_path/Frameworks";
				"LD_RUNPATH_SEARCH_PATHS[sdk=macosx*]" = "@executable_path/../Frameworks";
				MACOSX_DEPLOYMENT_TARGET = 14.1;
				MARKETING_VERSION = 1.0;
				PRODUCT_BUNDLE_IDENTIFIER = "com.app.Rick-Morty";
				PRODUCT_NAME = "$(TARGET_NAME)";
				SDKROOT = auto;
				SUPPORTED_PLATFORMS = "iphoneos iphonesimulator";
				SUPPORTS_MACCATALYST = NO;
				SUPPORTS_MAC_DESIGNED_FOR_IPHONE_IPAD = YES;
				SWIFT_EMIT_LOC_STRINGS = YES;
				SWIFT_VERSION = 5.0;
				TARGETED_DEVICE_FAMILY = "1,2";
			};
			name = Debug;
		};
		CA53D3AF2BD44036004CBF48 /* Release */ = {
			isa = XCBuildConfiguration;
			buildSettings = {
				ASSETCATALOG_COMPILER_APPICON_NAME = AppIcon;
				ASSETCATALOG_COMPILER_GLOBAL_ACCENT_COLOR_NAME = AccentColor;
				CODE_SIGN_ENTITLEMENTS = "Rick&Morty/Rick_Morty.entitlements";
				CODE_SIGN_STYLE = Automatic;
				CURRENT_PROJECT_VERSION = 1;
				DEVELOPMENT_ASSET_PATHS = "\"Rick&Morty/Preview Content\"";
				DONT_GENERATE_INFOPLIST_FILE = YES;
				ENABLE_PREVIEWS = YES;
				GENERATE_INFOPLIST_FILE = NO;
				INFOPLIST_FILE = "$(SRCROOT)/Rick&Morty/Common/App/Info.plist";
				"INFOPLIST_KEY_UIApplicationSceneManifest_Generation[sdk=iphoneos*]" = YES;
				"INFOPLIST_KEY_UIApplicationSceneManifest_Generation[sdk=iphonesimulator*]" = YES;
				"INFOPLIST_KEY_UIApplicationSupportsIndirectInputEvents[sdk=iphoneos*]" = YES;
				"INFOPLIST_KEY_UIApplicationSupportsIndirectInputEvents[sdk=iphonesimulator*]" = YES;
				"INFOPLIST_KEY_UILaunchScreen_Generation[sdk=iphoneos*]" = YES;
				"INFOPLIST_KEY_UILaunchScreen_Generation[sdk=iphonesimulator*]" = YES;
				"INFOPLIST_KEY_UIStatusBarStyle[sdk=iphoneos*]" = UIStatusBarStyleDefault;
				"INFOPLIST_KEY_UIStatusBarStyle[sdk=iphonesimulator*]" = UIStatusBarStyleDefault;
				INFOPLIST_KEY_UISupportedInterfaceOrientations_iPad = "UIInterfaceOrientationPortrait UIInterfaceOrientationPortraitUpsideDown UIInterfaceOrientationLandscapeLeft UIInterfaceOrientationLandscapeRight";
				INFOPLIST_KEY_UISupportedInterfaceOrientations_iPhone = "UIInterfaceOrientationPortrait UIInterfaceOrientationLandscapeLeft UIInterfaceOrientationLandscapeRight";
				IPHONEOS_DEPLOYMENT_TARGET = 17.2;
				LD_RUNPATH_SEARCH_PATHS = "@executable_path/Frameworks";
				"LD_RUNPATH_SEARCH_PATHS[sdk=macosx*]" = "@executable_path/../Frameworks";
				MACOSX_DEPLOYMENT_TARGET = 14.1;
				MARKETING_VERSION = 1.0;
				PRODUCT_BUNDLE_IDENTIFIER = "com.app.Rick-Morty";
				PRODUCT_NAME = "$(TARGET_NAME)";
				SDKROOT = auto;
				SUPPORTED_PLATFORMS = "iphoneos iphonesimulator";
				SUPPORTS_MACCATALYST = NO;
				SUPPORTS_MAC_DESIGNED_FOR_IPHONE_IPAD = YES;
				SWIFT_EMIT_LOC_STRINGS = YES;
				SWIFT_VERSION = 5.0;
				TARGETED_DEVICE_FAMILY = "1,2";
			};
			name = Release;
		};
		CA53D3B12BD44036004CBF48 /* Debug */ = {
			isa = XCBuildConfiguration;
			buildSettings = {
				ALWAYS_EMBED_SWIFT_STANDARD_LIBRARIES = YES;
				BUNDLE_LOADER = "$(TEST_HOST)";
				CODE_SIGN_STYLE = Automatic;
				CURRENT_PROJECT_VERSION = 1;
				GENERATE_INFOPLIST_FILE = YES;
				IPHONEOS_DEPLOYMENT_TARGET = 17.2;
				MACOSX_DEPLOYMENT_TARGET = 14.1;
				MARKETING_VERSION = 1.0;
				PRODUCT_BUNDLE_IDENTIFIER = "com.app.Rick-MortyTests";
				PRODUCT_NAME = "$(TARGET_NAME)";
				SDKROOT = auto;
				SUPPORTED_PLATFORMS = "iphoneos iphonesimulator";
				SUPPORTS_MACCATALYST = NO;
				SUPPORTS_MAC_DESIGNED_FOR_IPHONE_IPAD = YES;
				SWIFT_EMIT_LOC_STRINGS = NO;
				SWIFT_VERSION = 5.0;
				TARGETED_DEVICE_FAMILY = "1,2";
				TEST_HOST = "$(BUILT_PRODUCTS_DIR)/Rick&Morty.app/$(BUNDLE_EXECUTABLE_FOLDER_PATH)/Rick&Morty";
			};
			name = Debug;
		};
		CA53D3B22BD44036004CBF48 /* Release */ = {
			isa = XCBuildConfiguration;
			buildSettings = {
				ALWAYS_EMBED_SWIFT_STANDARD_LIBRARIES = YES;
				BUNDLE_LOADER = "$(TEST_HOST)";
				CODE_SIGN_STYLE = Automatic;
				CURRENT_PROJECT_VERSION = 1;
				GENERATE_INFOPLIST_FILE = YES;
				IPHONEOS_DEPLOYMENT_TARGET = 17.2;
				MACOSX_DEPLOYMENT_TARGET = 14.1;
				MARKETING_VERSION = 1.0;
				PRODUCT_BUNDLE_IDENTIFIER = "com.app.Rick-MortyTests";
				PRODUCT_NAME = "$(TARGET_NAME)";
				SDKROOT = auto;
				SUPPORTED_PLATFORMS = "iphoneos iphonesimulator";
				SUPPORTS_MACCATALYST = NO;
				SUPPORTS_MAC_DESIGNED_FOR_IPHONE_IPAD = YES;
				SWIFT_EMIT_LOC_STRINGS = NO;
				SWIFT_VERSION = 5.0;
				TARGETED_DEVICE_FAMILY = "1,2";
				TEST_HOST = "$(BUILT_PRODUCTS_DIR)/Rick&Morty.app/$(BUNDLE_EXECUTABLE_FOLDER_PATH)/Rick&Morty";
			};
			name = Release;
		};
		CA53D3B42BD44036004CBF48 /* Debug */ = {
			isa = XCBuildConfiguration;
			buildSettings = {
				ALWAYS_EMBED_SWIFT_STANDARD_LIBRARIES = YES;
				CODE_SIGN_STYLE = Automatic;
				CURRENT_PROJECT_VERSION = 1;
				GENERATE_INFOPLIST_FILE = YES;
				IPHONEOS_DEPLOYMENT_TARGET = 17.2;
				MACOSX_DEPLOYMENT_TARGET = 14.1;
				MARKETING_VERSION = 1.0;
				PRODUCT_BUNDLE_IDENTIFIER = "com.app.Rick-MortyUITests";
				PRODUCT_NAME = "$(TARGET_NAME)";
				SDKROOT = auto;
				SUPPORTED_PLATFORMS = "iphoneos iphonesimulator";
				SUPPORTS_MACCATALYST = NO;
				SUPPORTS_MAC_DESIGNED_FOR_IPHONE_IPAD = YES;
				SWIFT_EMIT_LOC_STRINGS = NO;
				SWIFT_VERSION = 5.0;
				TARGETED_DEVICE_FAMILY = "1,2";
				TEST_TARGET_NAME = "Rick&Morty";
			};
			name = Debug;
		};
		CA53D3B52BD44036004CBF48 /* Release */ = {
			isa = XCBuildConfiguration;
			buildSettings = {
				ALWAYS_EMBED_SWIFT_STANDARD_LIBRARIES = YES;
				CODE_SIGN_STYLE = Automatic;
				CURRENT_PROJECT_VERSION = 1;
				GENERATE_INFOPLIST_FILE = YES;
				IPHONEOS_DEPLOYMENT_TARGET = 17.2;
				MACOSX_DEPLOYMENT_TARGET = 14.1;
				MARKETING_VERSION = 1.0;
				PRODUCT_BUNDLE_IDENTIFIER = "com.app.Rick-MortyUITests";
				PRODUCT_NAME = "$(TARGET_NAME)";
				SDKROOT = auto;
				SUPPORTED_PLATFORMS = "iphoneos iphonesimulator";
				SUPPORTS_MACCATALYST = NO;
				SUPPORTS_MAC_DESIGNED_FOR_IPHONE_IPAD = YES;
				SWIFT_EMIT_LOC_STRINGS = NO;
				SWIFT_VERSION = 5.0;
				TARGETED_DEVICE_FAMILY = "1,2";
				TEST_TARGET_NAME = "Rick&Morty";
			};
			name = Release;
		};
/* End XCBuildConfiguration section */

/* Begin XCConfigurationList section */
		CA53D3832BD44033004CBF48 /* Build configuration list for PBXProject "Rick&Morty" */ = {
			isa = XCConfigurationList;
			buildConfigurations = (
				CA53D3AB2BD44036004CBF48 /* Debug */,
				CA53D3AC2BD44036004CBF48 /* Release */,
			);
			defaultConfigurationIsVisible = 0;
			defaultConfigurationName = Release;
		};
		CA53D3AD2BD44036004CBF48 /* Build configuration list for PBXNativeTarget "Rick&Morty" */ = {
			isa = XCConfigurationList;
			buildConfigurations = (
				CA53D3AE2BD44036004CBF48 /* Debug */,
				CA53D3AF2BD44036004CBF48 /* Release */,
			);
			defaultConfigurationIsVisible = 0;
			defaultConfigurationName = Release;
		};
		CA53D3B02BD44036004CBF48 /* Build configuration list for PBXNativeTarget "Rick&MortyTests" */ = {
			isa = XCConfigurationList;
			buildConfigurations = (
				CA53D3B12BD44036004CBF48 /* Debug */,
				CA53D3B22BD44036004CBF48 /* Release */,
			);
			defaultConfigurationIsVisible = 0;
			defaultConfigurationName = Release;
		};
		CA53D3B32BD44036004CBF48 /* Build configuration list for PBXNativeTarget "Rick&MortyUITests" */ = {
			isa = XCConfigurationList;
			buildConfigurations = (
				CA53D3B42BD44036004CBF48 /* Debug */,
				CA53D3B52BD44036004CBF48 /* Release */,
			);
			defaultConfigurationIsVisible = 0;
			defaultConfigurationName = Release;
		};
/* End XCConfigurationList section */
	};
	rootObject = CA53D3802BD44033004CBF48 /* Project object */;
}
